
Microsoft Visual Studio Solution File, Format Version 12.00
Project("{FAE04EC0-301F-11D3-BF4B-00C04F79EFBC}") = "ABATRACT FACTORY", "ABATRACT FACTORY\ABATRACT FACTORY.csproj", "{B76FE9B5-4A52-4FD5-A5FD-39A943C10989}"
EndProject
Global
	GlobalSection(SolutionConfigurationPlatforms) = preSolution
		Debug|Any CPU = Debug|Any CPU
		Release|Any CPU = Release|Any CPU
	EndGlobalSection
	GlobalSection(ProjectConfigurationPlatforms) = postSolution
		{B76FE9B5-4A52-4FD5-A5FD-39A943C10989}.Debug|Any CPU.ActiveCfg = Debug|Any CPU
		{B76FE9B5-4A52-4FD5-A5FD-39A943C10989}.Debug|Any CPU.Build.0 = Debug|Any CPU
		{B76FE9B5-4A52-4FD5-A5FD-39A943C10989}.Release|Any CPU.ActiveCfg = Release|Any CPU
		{B76FE9B5-4A52-4FD5-A5FD-39A943C10989}.Release|Any CPU.Build.0 = Release|Any CPU
	EndGlobalSection
EndGlobal
