
Microsoft Visual Studio Solution File, Format Version 12.00
# Visual Studio Version 17
VisualStudioVersion = 17.3.32922.545
MinimumVisualStudioVersion = 10.0.40219.1
Project("{FAE04EC0-301F-11D3-BF4B-00C04F79EFBC}") = "Bridge", "Bridge\Bridge.csproj", "{5076893D-1DC1-4179-A08C-152C1BADBD46}"
EndProject
Global
	GlobalSection(SolutionConfigurationPlatforms) = preSolution
		Debug|Any CPU = Debug|Any CPU
		Release|Any CPU = Release|Any CPU
	EndGlobalSection
	GlobalSection(ProjectConfigurationPlatforms) = postSolution
		{5076893D-1DC1-4179-A08C-152C1BADBD46}.Debug|Any CPU.ActiveCfg = Debug|Any CPU
		{5076893D-1DC1-4179-A08C-152C1BADBD46}.Debug|Any CPU.Build.0 = Debug|Any CPU
		{5076893D-1DC1-4179-A08C-152C1BADBD46}.Release|Any CPU.ActiveCfg = Release|Any CPU
		{5076893D-1DC1-4179-A08C-152C1BADBD46}.Release|Any CPU.Build.0 = Release|Any CPU
	EndGlobalSection
	GlobalSection(SolutionProperties) = preSolution
		HideSolutionNode = FALSE
	EndGlobalSection
	GlobalSection(ExtensibilityGlobals) = postSolution
		SolutionGuid = {E9D88211-FE9E-4235-8C1F-3532B0640B02}
	EndGlobalSection
EndGlobal
