
Microsoft Visual Studio Solution File, Format Version 12.00
# Visual Studio Version 17
VisualStudioVersion = 17.3.32929.385
MinimumVisualStudioVersion = 10.0.40219.1
Project("{FAE04EC0-301F-11D3-BF4B-00C04F79EFBC}") = "DataBaseApi", "DataBaseApi\DataBaseApi.csproj", "{BE9C837E-A9AE-4219-9C3D-5F7A6F1894A6}"
EndProject
Global
	GlobalSection(SolutionConfigurationPlatforms) = preSolution
		Debug|Any CPU = Debug|Any CPU
		Release|Any CPU = Release|Any CPU
	EndGlobalSection
	GlobalSection(ProjectConfigurationPlatforms) = postSolution
		{BE9C837E-A9AE-4219-9C3D-5F7A6F1894A6}.Debug|Any CPU.ActiveCfg = Debug|Any CPU
		{BE9C837E-A9AE-4219-9C3D-5F7A6F1894A6}.Debug|Any CPU.Build.0 = Debug|Any CPU
		{BE9C837E-A9AE-4219-9C3D-5F7A6F1894A6}.Release|Any CPU.ActiveCfg = Release|Any CPU
		{BE9C837E-A9AE-4219-9C3D-5F7A6F1894A6}.Release|Any CPU.Build.0 = Release|Any CPU
	EndGlobalSection
	GlobalSection(SolutionProperties) = preSolution
		HideSolutionNode = FALSE
	EndGlobalSection
	GlobalSection(ExtensibilityGlobals) = postSolution
		SolutionGuid = {7552B5D0-0B26-4A03-8519-97060D6E6C8F}
	EndGlobalSection
EndGlobal
