
Microsoft Visual Studio Solution File, Format Version 12.00
# Visual Studio Version 17
VisualStudioVersion = 17.4.33110.190
MinimumVisualStudioVersion = 10.0.40219.1
Project("{FAE04EC0-301F-11D3-BF4B-00C04F79EFBC}") = "Bridge.Khyshchenko", "Bridge.Khyshchenko\Bridge.Khyshchenko.csproj", "{4432DB5C-4988-4CA9-84B8-377074B639AE}"
EndProject
Global
	GlobalSection(SolutionConfigurationPlatforms) = preSolution
		Debug|Any CPU = Debug|Any CPU
		Release|Any CPU = Release|Any CPU
	EndGlobalSection
	GlobalSection(ProjectConfigurationPlatforms) = postSolution
		{4432DB5C-4988-4CA9-84B8-377074B639AE}.Debug|Any CPU.ActiveCfg = Debug|Any CPU
		{4432DB5C-4988-4CA9-84B8-377074B639AE}.Debug|Any CPU.Build.0 = Debug|Any CPU
		{4432DB5C-4988-4CA9-84B8-377074B639AE}.Release|Any CPU.ActiveCfg = Release|Any CPU
		{4432DB5C-4988-4CA9-84B8-377074B639AE}.Release|Any CPU.Build.0 = Release|Any CPU
	EndGlobalSection
	GlobalSection(SolutionProperties) = preSolution
		HideSolutionNode = FALSE
	EndGlobalSection
	GlobalSection(ExtensibilityGlobals) = postSolution
		SolutionGuid = {2A9A739A-1A07-4EFA-806E-A843D42B9488}
	EndGlobalSection
EndGlobal
