
Microsoft Visual Studio Solution File, Format Version 12.00
# Visual Studio Version 17
VisualStudioVersion = 17.3.32922.545
MinimumVisualStudioVersion = 10.0.40219.1
Project("{FAE04EC0-301F-11D3-BF4B-00C04F79EFBC}") = "REST_Api(users)", "REST_Api(users)\REST_Api(users).csproj", "{2EC4C68D-0DE9-40BB-99CE-2C9FAE360D8D}"
EndProject
Global
	GlobalSection(SolutionConfigurationPlatforms) = preSolution
		Debug|Any CPU = Debug|Any CPU
		Release|Any CPU = Release|Any CPU
	EndGlobalSection
	GlobalSection(ProjectConfigurationPlatforms) = postSolution
		{2EC4C68D-0DE9-40BB-99CE-2C9FAE360D8D}.Debug|Any CPU.ActiveCfg = Debug|Any CPU
		{2EC4C68D-0DE9-40BB-99CE-2C9FAE360D8D}.Debug|Any CPU.Build.0 = Debug|Any CPU
		{2EC4C68D-0DE9-40BB-99CE-2C9FAE360D8D}.Release|Any CPU.ActiveCfg = Release|Any CPU
		{2EC4C68D-0DE9-40BB-99CE-2C9FAE360D8D}.Release|Any CPU.Build.0 = Release|Any CPU
	EndGlobalSection
	GlobalSection(SolutionProperties) = preSolution
		HideSolutionNode = FALSE
	EndGlobalSection
	GlobalSection(ExtensibilityGlobals) = postSolution
		SolutionGuid = {F0315FB2-F48A-4218-8757-A4B3F521E392}
	EndGlobalSection
EndGlobal
