
Microsoft Visual Studio Solution File, Format Version 12.00
# Visual Studio Version 17
VisualStudioVersion = 17.9.34616.47
MinimumVisualStudioVersion = 10.0.40219.1
Project("{FAE04EC0-301F-11D3-BF4B-00C04F79EFBC}") = "bridge", "bridge\bridge.csproj", "{3C96FC66-B873-4AC7-80D1-356FC81A36CE}"
EndProject
Global
	GlobalSection(SolutionConfigurationPlatforms) = preSolution
		Debug|Any CPU = Debug|Any CPU
		Release|Any CPU = Release|Any CPU
	EndGlobalSection
	GlobalSection(ProjectConfigurationPlatforms) = postSolution
		{3C96FC66-B873-4AC7-80D1-356FC81A36CE}.Debug|Any CPU.ActiveCfg = Debug|Any CPU
		{3C96FC66-B873-4AC7-80D1-356FC81A36CE}.Debug|Any CPU.Build.0 = Debug|Any CPU
		{3C96FC66-B873-4AC7-80D1-356FC81A36CE}.Release|Any CPU.ActiveCfg = Release|Any CPU
		{3C96FC66-B873-4AC7-80D1-356FC81A36CE}.Release|Any CPU.Build.0 = Release|Any CPU
	EndGlobalSection
	GlobalSection(SolutionProperties) = preSolution
		HideSolutionNode = FALSE
	EndGlobalSection
	GlobalSection(ExtensibilityGlobals) = postSolution
		SolutionGuid = {770D5CDD-B095-4749-93DD-F667397ED1A1}
	EndGlobalSection
EndGlobal
