
Microsoft Visual Studio Solution File, Format Version 12.00
# Visual Studio Version 17
VisualStudioVersion = 17.7.34221.43
MinimumVisualStudioVersion = 10.0.40219.1
Project("{FAE04EC0-301F-11D3-BF4B-00C04F79EFBC}") = "FactoryMethod", "FactoryMethod\FactoryMethod.csproj", "{2D3C4A8E-7049-462F-96F8-92D2D06AB6E3}"
EndProject
Global
	GlobalSection(SolutionConfigurationPlatforms) = preSolution
		Debug|Any CPU = Debug|Any CPU
		Release|Any CPU = Release|Any CPU
	EndGlobalSection
	GlobalSection(ProjectConfigurationPlatforms) = postSolution
		{2D3C4A8E-7049-462F-96F8-92D2D06AB6E3}.Debug|Any CPU.ActiveCfg = Debug|Any CPU
		{2D3C4A8E-7049-462F-96F8-92D2D06AB6E3}.Debug|Any CPU.Build.0 = Debug|Any CPU
		{2D3C4A8E-7049-462F-96F8-92D2D06AB6E3}.Release|Any CPU.ActiveCfg = Release|Any CPU
		{2D3C4A8E-7049-462F-96F8-92D2D06AB6E3}.Release|Any CPU.Build.0 = Release|Any CPU
	EndGlobalSection
	GlobalSection(SolutionProperties) = preSolution
		HideSolutionNode = FALSE
	EndGlobalSection
	GlobalSection(ExtensibilityGlobals) = postSolution
		SolutionGuid = {041D0139-80F4-43A1-94D6-74F61321B23F}
	EndGlobalSection
EndGlobal
