
Microsoft Visual Studio Solution File, Format Version 12.00
# Visual Studio Version 17
VisualStudioVersion = 17.9.34616.47
MinimumVisualStudioVersion = 10.0.40219.1
Project("{FAE04EC0-301F-11D3-BF4B-00C04F79EFBC}") = "fib", "fib\fib.csproj", "{E0166A6B-F0AB-41A7-8F91-EB29B97D37CA}"
EndProject
Global
	GlobalSection(SolutionConfigurationPlatforms) = preSolution
		Debug|Any CPU = Debug|Any CPU
		Release|Any CPU = Release|Any CPU
	EndGlobalSection
	GlobalSection(ProjectConfigurationPlatforms) = postSolution
		{E0166A6B-F0AB-41A7-8F91-EB29B97D37CA}.Debug|Any CPU.ActiveCfg = Debug|Any CPU
		{E0166A6B-F0AB-41A7-8F91-EB29B97D37CA}.Debug|Any CPU.Build.0 = Debug|Any CPU
		{E0166A6B-F0AB-41A7-8F91-EB29B97D37CA}.Release|Any CPU.ActiveCfg = Release|Any CPU
		{E0166A6B-F0AB-41A7-8F91-EB29B97D37CA}.Release|Any CPU.Build.0 = Release|Any CPU
	EndGlobalSection
	GlobalSection(SolutionProperties) = preSolution
		HideSolutionNode = FALSE
	EndGlobalSection
	GlobalSection(ExtensibilityGlobals) = postSolution
		SolutionGuid = {2BF60EB0-39D4-436E-B432-99B7DBD259A9}
	EndGlobalSection
EndGlobal
