
Microsoft Visual Studio Solution File, Format Version 12.00
# Visual Studio Version 17
VisualStudioVersion = 17.9.34616.47
MinimumVisualStudioVersion = 10.0.40219.1
Project("{FAE04EC0-301F-11D3-BF4B-00C04F79EFBC}") = "UserApi", "UserApi\UserApi.csproj", "{AF6488A4-C0A1-46D1-B2CD-0D70C5D87DF2}"
EndProject
Global
	GlobalSection(SolutionConfigurationPlatforms) = preSolution
		Debug|Any CPU = Debug|Any CPU
		Release|Any CPU = Release|Any CPU
	EndGlobalSection
	GlobalSection(ProjectConfigurationPlatforms) = postSolution
		{AF6488A4-C0A1-46D1-B2CD-0D70C5D87DF2}.Debug|Any CPU.ActiveCfg = Debug|Any CPU
		{AF6488A4-C0A1-46D1-B2CD-0D70C5D87DF2}.Debug|Any CPU.Build.0 = Debug|Any CPU
		{AF6488A4-C0A1-46D1-B2CD-0D70C5D87DF2}.Release|Any CPU.ActiveCfg = Release|Any CPU
		{AF6488A4-C0A1-46D1-B2CD-0D70C5D87DF2}.Release|Any CPU.Build.0 = Release|Any CPU
	EndGlobalSection
	GlobalSection(SolutionProperties) = preSolution
		HideSolutionNode = FALSE
	EndGlobalSection
	GlobalSection(ExtensibilityGlobals) = postSolution
		SolutionGuid = {BD8A68BB-AE83-4A83-8853-B3CB2EB57303}
	EndGlobalSection
EndGlobal
