
Microsoft Visual Studio Solution File, Format Version 12.00
# Visual Studio Version 17
VisualStudioVersion = 17.9.34607.119
MinimumVisualStudioVersion = 10.0.40219.1
Project("{FAE04EC0-301F-11D3-BF4B-00C04F79EFBC}") = "Matrix", "Matrix\Matrix.csproj", "{92F76027-C050-4182-BB0D-08B8360F9F5D}"
EndProject
Global
	GlobalSection(SolutionConfigurationPlatforms) = preSolution
		Debug|Any CPU = Debug|Any CPU
		Release|Any CPU = Release|Any CPU
	EndGlobalSection
	GlobalSection(ProjectConfigurationPlatforms) = postSolution
		{92F76027-C050-4182-BB0D-08B8360F9F5D}.Debug|Any CPU.ActiveCfg = Debug|Any CPU
		{92F76027-C050-4182-BB0D-08B8360F9F5D}.Debug|Any CPU.Build.0 = Debug|Any CPU
		{92F76027-C050-4182-BB0D-08B8360F9F5D}.Release|Any CPU.ActiveCfg = Release|Any CPU
		{92F76027-C050-4182-BB0D-08B8360F9F5D}.Release|Any CPU.Build.0 = Release|Any CPU
	EndGlobalSection
	GlobalSection(SolutionProperties) = preSolution
		HideSolutionNode = FALSE
	EndGlobalSection
	GlobalSection(ExtensibilityGlobals) = postSolution
		SolutionGuid = {1715FEC3-9100-4206-90BE-C1A25C4FC020}
	EndGlobalSection
EndGlobal
