
Microsoft Visual Studio Solution File, Format Version 12.00
# Visual Studio Version 17
VisualStudioVersion = 17.9.34622.214
MinimumVisualStudioVersion = 10.0.40219.1
Project("{FAE04EC0-301F-11D3-BF4B-00C04F79EFBC}") = "Proxy", "Proxy\Proxy.csproj", "{C92323AE-D05A-4C8D-931A-826C93D4AB7E}"
EndProject
Global
	GlobalSection(SolutionConfigurationPlatforms) = preSolution
		Debug|Any CPU = Debug|Any CPU
		Release|Any CPU = Release|Any CPU
	EndGlobalSection
	GlobalSection(ProjectConfigurationPlatforms) = postSolution
		{C92323AE-D05A-4C8D-931A-826C93D4AB7E}.Debug|Any CPU.ActiveCfg = Debug|Any CPU
		{C92323AE-D05A-4C8D-931A-826C93D4AB7E}.Debug|Any CPU.Build.0 = Debug|Any CPU
		{C92323AE-D05A-4C8D-931A-826C93D4AB7E}.Release|Any CPU.ActiveCfg = Release|Any CPU
		{C92323AE-D05A-4C8D-931A-826C93D4AB7E}.Release|Any CPU.Build.0 = Release|Any CPU
	EndGlobalSection
	GlobalSection(SolutionProperties) = preSolution
		HideSolutionNode = FALSE
	EndGlobalSection
	GlobalSection(ExtensibilityGlobals) = postSolution
		SolutionGuid = {949EC9B9-99E2-49E3-8E38-C0B9C584C038}
	EndGlobalSection
EndGlobal
