
Microsoft Visual Studio Solution File, Format Version 12.00
# Visual Studio Version 17
VisualStudioVersion = 17.9.34616.47
MinimumVisualStudioVersion = 10.0.40219.1
Project("{FAE04EC0-301F-11D3-BF4B-00C04F79EFBC}") = "Observer", "Observer\Observer.csproj", "{1EECCA4B-83D1-4B52-A5A7-447B3E01C46F}"
EndProject
Global
	GlobalSection(SolutionConfigurationPlatforms) = preSolution
		Debug|Any CPU = Debug|Any CPU
		Release|Any CPU = Release|Any CPU
	EndGlobalSection
	GlobalSection(ProjectConfigurationPlatforms) = postSolution
		{1EECCA4B-83D1-4B52-A5A7-447B3E01C46F}.Debug|Any CPU.ActiveCfg = Debug|Any CPU
		{1EECCA4B-83D1-4B52-A5A7-447B3E01C46F}.Debug|Any CPU.Build.0 = Debug|Any CPU
		{1EECCA4B-83D1-4B52-A5A7-447B3E01C46F}.Release|Any CPU.ActiveCfg = Release|Any CPU
		{1EECCA4B-83D1-4B52-A5A7-447B3E01C46F}.Release|Any CPU.Build.0 = Release|Any CPU
	EndGlobalSection
	GlobalSection(SolutionProperties) = preSolution
		HideSolutionNode = FALSE
	EndGlobalSection
	GlobalSection(ExtensibilityGlobals) = postSolution
		SolutionGuid = {D9EA8D4A-46D0-45D0-A319-4132E339081D}
	EndGlobalSection
EndGlobal
