
Microsoft Visual Studio Solution File, Format Version 12.00
# Visual Studio Version 17
VisualStudioVersion = 17.4.33205.214
MinimumVisualStudioVersion = 10.0.40219.1
Project("{FAE04EC0-301F-11D3-BF4B-00C04F79EFBC}") = "builder", "builder.csproj", "{E808AAEF-AD48-45C3-8B43-5C12DFDEA8AB}"
EndProject
Global
	GlobalSection(SolutionConfigurationPlatforms) = preSolution
		Debug|Any CPU = Debug|Any CPU
		Release|Any CPU = Release|Any CPU
	EndGlobalSection
	GlobalSection(ProjectConfigurationPlatforms) = postSolution
		{E808AAEF-AD48-45C3-8B43-5C12DFDEA8AB}.Debug|Any CPU.ActiveCfg = Debug|Any CPU
		{E808AAEF-AD48-45C3-8B43-5C12DFDEA8AB}.Debug|Any CPU.Build.0 = Debug|Any CPU
		{E808AAEF-AD48-45C3-8B43-5C12DFDEA8AB}.Release|Any CPU.ActiveCfg = Release|Any CPU
		{E808AAEF-AD48-45C3-8B43-5C12DFDEA8AB}.Release|Any CPU.Build.0 = Release|Any CPU
	EndGlobalSection
	GlobalSection(SolutionProperties) = preSolution
		HideSolutionNode = FALSE
	EndGlobalSection
	GlobalSection(ExtensibilityGlobals) = postSolution
		SolutionGuid = {EC13D7FF-FAFE-43CB-9D2A-A69F35C2E433}
	EndGlobalSection
EndGlobal
