
Microsoft Visual Studio Solution File, Format Version 12.00
# Visual Studio Version 17
VisualStudioVersion = 17.3.32929.385
MinimumVisualStudioVersion = 10.0.40219.1
Project("{FAE04EC0-301F-11D3-BF4B-00C04F79EFBC}") = "Fasad", "Fasad\Fasad.csproj", "{38CCB33D-EF79-414E-8428-E0CCEDD7B859}"
EndProject
Global
	GlobalSection(SolutionConfigurationPlatforms) = preSolution
		Debug|Any CPU = Debug|Any CPU
		Release|Any CPU = Release|Any CPU
	EndGlobalSection
	GlobalSection(ProjectConfigurationPlatforms) = postSolution
		{38CCB33D-EF79-414E-8428-E0CCEDD7B859}.Debug|Any CPU.ActiveCfg = Debug|Any CPU
		{38CCB33D-EF79-414E-8428-E0CCEDD7B859}.Debug|Any CPU.Build.0 = Debug|Any CPU
		{38CCB33D-EF79-414E-8428-E0CCEDD7B859}.Release|Any CPU.ActiveCfg = Release|Any CPU
		{38CCB33D-EF79-414E-8428-E0CCEDD7B859}.Release|Any CPU.Build.0 = Release|Any CPU
	EndGlobalSection
	GlobalSection(SolutionProperties) = preSolution
		HideSolutionNode = FALSE
	EndGlobalSection
	GlobalSection(ExtensibilityGlobals) = postSolution
		SolutionGuid = {63F702C0-16BA-4AA1-89F3-2E8FBD6CF5DA}
	EndGlobalSection
EndGlobal
