
Microsoft Visual Studio Solution File, Format Version 12.00
# Visual Studio Version 17
VisualStudioVersion = 17.9.34607.119
MinimumVisualStudioVersion = 10.0.40219.1
Project("{FAE04EC0-301F-11D3-BF4B-00C04F79EFBC}") = "Linked", "Linked\Linked.csproj", "{AD02D36B-7F61-4D15-8DD8-10E7D0D48BE7}"
EndProject
Global
	GlobalSection(SolutionConfigurationPlatforms) = preSolution
		Debug|Any CPU = Debug|Any CPU
		Release|Any CPU = Release|Any CPU
	EndGlobalSection
	GlobalSection(ProjectConfigurationPlatforms) = postSolution
		{AD02D36B-7F61-4D15-8DD8-10E7D0D48BE7}.Debug|Any CPU.ActiveCfg = Debug|Any CPU
		{AD02D36B-7F61-4D15-8DD8-10E7D0D48BE7}.Debug|Any CPU.Build.0 = Debug|Any CPU
		{AD02D36B-7F61-4D15-8DD8-10E7D0D48BE7}.Release|Any CPU.ActiveCfg = Release|Any CPU
		{AD02D36B-7F61-4D15-8DD8-10E7D0D48BE7}.Release|Any CPU.Build.0 = Release|Any CPU
	EndGlobalSection
	GlobalSection(SolutionProperties) = preSolution
		HideSolutionNode = FALSE
	EndGlobalSection
	GlobalSection(ExtensibilityGlobals) = postSolution
		SolutionGuid = {E572597D-39D9-4BF4-8016-5CDCB5A94E00}
	EndGlobalSection
EndGlobal
