
Microsoft Visual Studio Solution File, Format Version 12.00
# Visual Studio Version 17
VisualStudioVersion = 17.7.34221.43
MinimumVisualStudioVersion = 10.0.40219.1
Project("{FAE04EC0-301F-11D3-BF4B-00C04F79EFBC}") = "ArrayList", "ArrayList\ArrayList.csproj", "{B5DD8979-A48B-4CE1-81E5-E26944791491}"
EndProject
Global
	GlobalSection(SolutionConfigurationPlatforms) = preSolution
		Debug|Any CPU = Debug|Any CPU
		Release|Any CPU = Release|Any CPU
	EndGlobalSection
	GlobalSection(ProjectConfigurationPlatforms) = postSolution
		{B5DD8979-A48B-4CE1-81E5-E26944791491}.Debug|Any CPU.ActiveCfg = Debug|Any CPU
		{B5DD8979-A48B-4CE1-81E5-E26944791491}.Debug|Any CPU.Build.0 = Debug|Any CPU
		{B5DD8979-A48B-4CE1-81E5-E26944791491}.Release|Any CPU.ActiveCfg = Release|Any CPU
		{B5DD8979-A48B-4CE1-81E5-E26944791491}.Release|Any CPU.Build.0 = Release|Any CPU
	EndGlobalSection
	GlobalSection(SolutionProperties) = preSolution
		HideSolutionNode = FALSE
	EndGlobalSection
	GlobalSection(ExtensibilityGlobals) = postSolution
		SolutionGuid = {10ED29FA-9A5F-4718-9D3E-F06E15EB04AC}
	EndGlobalSection
EndGlobal
