
Microsoft Visual Studio Solution File, Format Version 12.00
# Visual Studio Version 17
VisualStudioVersion = 17.9.34616.47
MinimumVisualStudioVersion = 10.0.40219.1
Project("{FAE04EC0-301F-11D3-BF4B-00C04F79EFBC}") = "matrices", "matrices\matrices.csproj", "{8A306A2A-75A3-4559-A759-972195A330A4}"
EndProject
Global
	GlobalSection(SolutionConfigurationPlatforms) = preSolution
		Debug|Any CPU = Debug|Any CPU
		Release|Any CPU = Release|Any CPU
	EndGlobalSection
	GlobalSection(ProjectConfigurationPlatforms) = postSolution
		{8A306A2A-75A3-4559-A759-972195A330A4}.Debug|Any CPU.ActiveCfg = Debug|Any CPU
		{8A306A2A-75A3-4559-A759-972195A330A4}.Debug|Any CPU.Build.0 = Debug|Any CPU
		{8A306A2A-75A3-4559-A759-972195A330A4}.Release|Any CPU.ActiveCfg = Release|Any CPU
		{8A306A2A-75A3-4559-A759-972195A330A4}.Release|Any CPU.Build.0 = Release|Any CPU
	EndGlobalSection
	GlobalSection(SolutionProperties) = preSolution
		HideSolutionNode = FALSE
	EndGlobalSection
	GlobalSection(ExtensibilityGlobals) = postSolution
		SolutionGuid = {3BFEB725-101D-4F85-BCA1-19C8087EF1C9}
	EndGlobalSection
EndGlobal
