
Microsoft Visual Studio Solution File, Format Version 12.00
# Visual Studio Version 17
VisualStudioVersion = 17.7.34221.43
MinimumVisualStudioVersion = 10.0.40219.1
Project("{FAE04EC0-301F-11D3-BF4B-00C04F79EFBC}") = "Users1", "Users1\Users1.csproj", "{07229E2D-DC1C-49D8-8B37-7BF676F516C2}"
EndProject
Global
	GlobalSection(SolutionConfigurationPlatforms) = preSolution
		Debug|Any CPU = Debug|Any CPU
		Release|Any CPU = Release|Any CPU
	EndGlobalSection
	GlobalSection(ProjectConfigurationPlatforms) = postSolution
		{07229E2D-DC1C-49D8-8B37-7BF676F516C2}.Debug|Any CPU.ActiveCfg = Debug|Any CPU
		{07229E2D-DC1C-49D8-8B37-7BF676F516C2}.Debug|Any CPU.Build.0 = Debug|Any CPU
		{07229E2D-DC1C-49D8-8B37-7BF676F516C2}.Release|Any CPU.ActiveCfg = Release|Any CPU
		{07229E2D-DC1C-49D8-8B37-7BF676F516C2}.Release|Any CPU.Build.0 = Release|Any CPU
	EndGlobalSection
	GlobalSection(SolutionProperties) = preSolution
		HideSolutionNode = FALSE
	EndGlobalSection
	GlobalSection(ExtensibilityGlobals) = postSolution
		SolutionGuid = {A883E273-4C5B-4D62-8A46-B75C858E5ACF}
	EndGlobalSection
EndGlobal
