
Microsoft Visual Studio Solution File, Format Version 12.00
# Visual Studio Version 17
VisualStudioVersion = 17.9.34607.119
MinimumVisualStudioVersion = 10.0.40219.1
Project("{FAE04EC0-301F-11D3-BF4B-00C04F79EFBC}") = "Mupstruct", "Mupstruct\Mupstruct.csproj", "{EEDDB31D-1C0C-4624-BF4C-0A2454FD4403}"
EndProject
Global
	GlobalSection(SolutionConfigurationPlatforms) = preSolution
		Debug|Any CPU = Debug|Any CPU
		Release|Any CPU = Release|Any CPU
	EndGlobalSection
	GlobalSection(ProjectConfigurationPlatforms) = postSolution
		{EEDDB31D-1C0C-4624-BF4C-0A2454FD4403}.Debug|Any CPU.ActiveCfg = Debug|Any CPU
		{EEDDB31D-1C0C-4624-BF4C-0A2454FD4403}.Debug|Any CPU.Build.0 = Debug|Any CPU
		{EEDDB31D-1C0C-4624-BF4C-0A2454FD4403}.Release|Any CPU.ActiveCfg = Release|Any CPU
		{EEDDB31D-1C0C-4624-BF4C-0A2454FD4403}.Release|Any CPU.Build.0 = Release|Any CPU
	EndGlobalSection
	GlobalSection(SolutionProperties) = preSolution
		HideSolutionNode = FALSE
	EndGlobalSection
	GlobalSection(ExtensibilityGlobals) = postSolution
		SolutionGuid = {89D3E937-628C-4792-8515-336B2BF712FC}
	EndGlobalSection
EndGlobal
