
Microsoft Visual Studio Solution File, Format Version 12.00
# Visual Studio Version 17
VisualStudioVersion = 17.5.002.0
MinimumVisualStudioVersion = 10.0.40219.1
Project("{9A19103F-16F7-4668-BE54-9A1E7A4F7556}") = "MyConsoleApp", "MyConsoleApp.csproj", "{C88E71BD-39C1-4957-A342-3345A75D7DA6}"
EndProject
Global
	GlobalSection(SolutionConfigurationPlatforms) = preSolution
		Debug|Any CPU = Debug|Any CPU
		Release|Any CPU = Release|Any CPU
	EndGlobalSection
	GlobalSection(ProjectConfigurationPlatforms) = postSolution
		{C88E71BD-39C1-4957-A342-3345A75D7DA6}.Debug|Any CPU.ActiveCfg = Debug|Any CPU
		{C88E71BD-39C1-4957-A342-3345A75D7DA6}.Debug|Any CPU.Build.0 = Debug|Any CPU
		{C88E71BD-39C1-4957-A342-3345A75D7DA6}.Release|Any CPU.ActiveCfg = Release|Any CPU
		{C88E71BD-39C1-4957-A342-3345A75D7DA6}.Release|Any CPU.Build.0 = Release|Any CPU
	EndGlobalSection
	GlobalSection(SolutionProperties) = preSolution
		HideSolutionNode = FALSE
	EndGlobalSection
	GlobalSection(ExtensibilityGlobals) = postSolution
		SolutionGuid = {9EBCD67B-7C4C-4DAF-92AC-B086501C4F43}
	EndGlobalSection
EndGlobal
