
Microsoft Visual Studio Solution File, Format Version 12.00
# Visual Studio Version 17
VisualStudioVersion = 17.7.34221.43
MinimumVisualStudioVersion = 10.0.40219.1
Project("{FAE04EC0-301F-11D3-BF4B-00C04F79EFBC}") = "Flyweight", "Flyweight\Flyweight.csproj", "{05FEF9B0-384B-4918-B84D-1D8F70E8ABDB}"
EndProject
Global
	GlobalSection(SolutionConfigurationPlatforms) = preSolution
		Debug|Any CPU = Debug|Any CPU
		Release|Any CPU = Release|Any CPU
	EndGlobalSection
	GlobalSection(ProjectConfigurationPlatforms) = postSolution
		{05FEF9B0-384B-4918-B84D-1D8F70E8ABDB}.Debug|Any CPU.ActiveCfg = Debug|Any CPU
		{05FEF9B0-384B-4918-B84D-1D8F70E8ABDB}.Debug|Any CPU.Build.0 = Debug|Any CPU
		{05FEF9B0-384B-4918-B84D-1D8F70E8ABDB}.Release|Any CPU.ActiveCfg = Release|Any CPU
		{05FEF9B0-384B-4918-B84D-1D8F70E8ABDB}.Release|Any CPU.Build.0 = Release|Any CPU
	EndGlobalSection
	GlobalSection(SolutionProperties) = preSolution
		HideSolutionNode = FALSE
	EndGlobalSection
	GlobalSection(ExtensibilityGlobals) = postSolution
		SolutionGuid = {8821936A-952B-4767-8D38-7C8F6B7FCC2E}
	EndGlobalSection
EndGlobal
