
Microsoft Visual Studio Solution File, Format Version 12.00
# Visual Studio Version 17
VisualStudioVersion = 17.4.33205.214
MinimumVisualStudioVersion = 10.0.40219.1
Project("{FAE04EC0-301F-11D3-BF4B-00C04F79EFBC}") = "ConsoleApp25", "ConsoleApp25.csproj", "{DF537891-89E7-4C30-9DED-07FE3E07D6D8}"
EndProject
Project("{2150E333-8FDC-42A3-9474-1A3956D46DE8}") = "shape", "shape", "{6E6D1E1E-98BB-46AF-8FA0-EECFD2F36EDB}"
	ProjectSection(SolutionItems) = preProject
		circle.cs = circle.cs
		rectangle.cs = rectangle.cs
		shape.cs = shape.cs
		square.cs = square.cs
		triangle.cs = triangle.cs
	EndProjectSection
EndProject
Project("{2150E333-8FDC-42A3-9474-1A3956D46DE8}") = "color", "color", "{3B7E170E-A3ED-42AF-9927-60A790A12266}"
	ProjectSection(SolutionItems) = preProject
		blue.cs = blue.cs
		color.cs = color.cs
		red.cs = red.cs
	EndProjectSection
EndProject
Project("{2150E333-8FDC-42A3-9474-1A3956D46DE8}") = "Solution Items", "Solution Items", "{A193FEDC-CADF-44F7-A76F-318FF1C28FD8}"
	ProjectSection(SolutionItems) = preProject
		main.cs = main.cs
	EndProjectSection
EndProject
Global
	GlobalSection(SolutionConfigurationPlatforms) = preSolution
		Debug|Any CPU = Debug|Any CPU
		Release|Any CPU = Release|Any CPU
	EndGlobalSection
	GlobalSection(ProjectConfigurationPlatforms) = postSolution
		{DF537891-89E7-4C30-9DED-07FE3E07D6D8}.Debug|Any CPU.ActiveCfg = Debug|Any CPU
		{DF537891-89E7-4C30-9DED-07FE3E07D6D8}.Debug|Any CPU.Build.0 = Debug|Any CPU
		{DF537891-89E7-4C30-9DED-07FE3E07D6D8}.Release|Any CPU.ActiveCfg = Release|Any CPU
		{DF537891-89E7-4C30-9DED-07FE3E07D6D8}.Release|Any CPU.Build.0 = Release|Any CPU
	EndGlobalSection
	GlobalSection(SolutionProperties) = preSolution
		HideSolutionNode = FALSE
	EndGlobalSection
	GlobalSection(ExtensibilityGlobals) = postSolution
		SolutionGuid = {C4D2C3BE-82DA-44D9-ACCC-FF1DA84CAE95}
	EndGlobalSection
EndGlobal
