
Microsoft Visual Studio Solution File, Format Version 12.00
# Visual Studio Version 17
VisualStudioVersion = 17.3.32929.385
MinimumVisualStudioVersion = 10.0.40219.1
Project("{FAE04EC0-301F-11D3-BF4B-00C04F79EFBC}") = "Prototype", "Prototype\Prototype.csproj", "{C8071987-B106-408C-BE4D-178EBA5BB1FD}"
EndProject
Global
	GlobalSection(SolutionConfigurationPlatforms) = preSolution
		Debug|Any CPU = Debug|Any CPU
		Release|Any CPU = Release|Any CPU
	EndGlobalSection
	GlobalSection(ProjectConfigurationPlatforms) = postSolution
		{C8071987-B106-408C-BE4D-178EBA5BB1FD}.Debug|Any CPU.ActiveCfg = Debug|Any CPU
		{C8071987-B106-408C-BE4D-178EBA5BB1FD}.Debug|Any CPU.Build.0 = Debug|Any CPU
		{C8071987-B106-408C-BE4D-178EBA5BB1FD}.Release|Any CPU.ActiveCfg = Release|Any CPU
		{C8071987-B106-408C-BE4D-178EBA5BB1FD}.Release|Any CPU.Build.0 = Release|Any CPU
	EndGlobalSection
	GlobalSection(SolutionProperties) = preSolution
		HideSolutionNode = FALSE
	EndGlobalSection
	GlobalSection(ExtensibilityGlobals) = postSolution
		SolutionGuid = {1CE10245-A796-436E-AC75-799F373E5216}
	EndGlobalSection
EndGlobal
