
Microsoft Visual Studio Solution File, Format Version 12.00
# Visual Studio Version 17
VisualStudioVersion = 17.7.34024.191
MinimumVisualStudioVersion = 10.0.40219.1
Project("{FAE04EC0-301F-11D3-BF4B-00C04F79EFBC}") = "SV-01", "SV-01\SV-01.csproj", "{13F7C161-D96C-408F-AE40-ABE2C4D2E71B}"
EndProject
Global
	GlobalSection(SolutionConfigurationPlatforms) = preSolution
		Debug|Any CPU = Debug|Any CPU
		Release|Any CPU = Release|Any CPU
	EndGlobalSection
	GlobalSection(ProjectConfigurationPlatforms) = postSolution
		{13F7C161-D96C-408F-AE40-ABE2C4D2E71B}.Debug|Any CPU.ActiveCfg = Debug|Any CPU
		{13F7C161-D96C-408F-AE40-ABE2C4D2E71B}.Debug|Any CPU.Build.0 = Debug|Any CPU
		{13F7C161-D96C-408F-AE40-ABE2C4D2E71B}.Release|Any CPU.ActiveCfg = Release|Any CPU
		{13F7C161-D96C-408F-AE40-ABE2C4D2E71B}.Release|Any CPU.Build.0 = Release|Any CPU
	EndGlobalSection
	GlobalSection(SolutionProperties) = preSolution
		HideSolutionNode = FALSE
	EndGlobalSection
	GlobalSection(ExtensibilityGlobals) = postSolution
		SolutionGuid = {90EB1E6B-31F5-4827-B51B-4ED236460C22}
	EndGlobalSection
EndGlobal
