
Microsoft Visual Studio Solution File, Format Version 12.00
# Visual Studio Version 17
VisualStudioVersion = 17.4.33110.190
MinimumVisualStudioVersion = 10.0.40219.1
Project("{FAE04EC0-301F-11D3-BF4B-00C04F79EFBC}") = "Array List", "Array List\Array List.csproj", "{B0D7D341-0632-4B8A-8F8A-586B9FFB6C86}"
EndProject
Global
	GlobalSection(SolutionConfigurationPlatforms) = preSolution
		Debug|Any CPU = Debug|Any CPU
		Release|Any CPU = Release|Any CPU
	EndGlobalSection
	GlobalSection(ProjectConfigurationPlatforms) = postSolution
		{B0D7D341-0632-4B8A-8F8A-586B9FFB6C86}.Debug|Any CPU.ActiveCfg = Debug|Any CPU
		{B0D7D341-0632-4B8A-8F8A-586B9FFB6C86}.Debug|Any CPU.Build.0 = Debug|Any CPU
		{B0D7D341-0632-4B8A-8F8A-586B9FFB6C86}.Release|Any CPU.ActiveCfg = Release|Any CPU
		{B0D7D341-0632-4B8A-8F8A-586B9FFB6C86}.Release|Any CPU.Build.0 = Release|Any CPU
	EndGlobalSection
	GlobalSection(SolutionProperties) = preSolution
		HideSolutionNode = FALSE
	EndGlobalSection
	GlobalSection(ExtensibilityGlobals) = postSolution
		SolutionGuid = {0310A950-4980-441E-AAC0-F1CD20F4E85F}
	EndGlobalSection
EndGlobal
