
Microsoft Visual Studio Solution File, Format Version 12.00
# Visual Studio Version 17
VisualStudioVersion = 17.9.34622.214
MinimumVisualStudioVersion = 10.0.40219.1
Project("{FAE04EC0-301F-11D3-BF4B-00C04F79EFBC}") = "FibonachiApp", "FibonachiApp\FibonachiApp.csproj", "{38940CDB-3947-4DD2-92D5-51EEECA1E274}"
EndProject
Global
	GlobalSection(SolutionConfigurationPlatforms) = preSolution
		Debug|Any CPU = Debug|Any CPU
		Release|Any CPU = Release|Any CPU
	EndGlobalSection
	GlobalSection(ProjectConfigurationPlatforms) = postSolution
		{38940CDB-3947-4DD2-92D5-51EEECA1E274}.Debug|Any CPU.ActiveCfg = Debug|Any CPU
		{38940CDB-3947-4DD2-92D5-51EEECA1E274}.Debug|Any CPU.Build.0 = Debug|Any CPU
		{38940CDB-3947-4DD2-92D5-51EEECA1E274}.Release|Any CPU.ActiveCfg = Release|Any CPU
		{38940CDB-3947-4DD2-92D5-51EEECA1E274}.Release|Any CPU.Build.0 = Release|Any CPU
	EndGlobalSection
	GlobalSection(SolutionProperties) = preSolution
		HideSolutionNode = FALSE
	EndGlobalSection
	GlobalSection(ExtensibilityGlobals) = postSolution
		SolutionGuid = {4E0AD2D7-9E3C-467E-9A2E-4A0117C4CCA8}
	EndGlobalSection
EndGlobal
