
Microsoft Visual Studio Solution File, Format Version 12.00
# Visual Studio Version 17
VisualStudioVersion = 17.9.34607.119
MinimumVisualStudioVersion = 10.0.40219.1
Project("{FAE04EC0-301F-11D3-BF4B-00C04F79EFBC}") = "PatternFaced", "PatternFaced\PatternFaced.csproj", "{68EC5B3C-D1AF-41A9-9268-EE1D517D3686}"
EndProject
Global
	GlobalSection(SolutionConfigurationPlatforms) = preSolution
		Debug|Any CPU = Debug|Any CPU
		Release|Any CPU = Release|Any CPU
	EndGlobalSection
	GlobalSection(ProjectConfigurationPlatforms) = postSolution
		{68EC5B3C-D1AF-41A9-9268-EE1D517D3686}.Debug|Any CPU.ActiveCfg = Debug|Any CPU
		{68EC5B3C-D1AF-41A9-9268-EE1D517D3686}.Debug|Any CPU.Build.0 = Debug|Any CPU
		{68EC5B3C-D1AF-41A9-9268-EE1D517D3686}.Release|Any CPU.ActiveCfg = Release|Any CPU
		{68EC5B3C-D1AF-41A9-9268-EE1D517D3686}.Release|Any CPU.Build.0 = Release|Any CPU
	EndGlobalSection
	GlobalSection(SolutionProperties) = preSolution
		HideSolutionNode = FALSE
	EndGlobalSection
	GlobalSection(ExtensibilityGlobals) = postSolution
		SolutionGuid = {3503AFA8-8672-4B5B-B776-4B111CDFF724}
	EndGlobalSection
EndGlobal
