
Microsoft Visual Studio Solution File, Format Version 12.00
# Visual Studio Version 17
VisualStudioVersion = 17.8.34330.188
MinimumVisualStudioVersion = 10.0.40219.1
Project("{FAE04EC0-301F-11D3-BF4B-00C04F79EFBC}") = "Lab_6", "Lab_6\Lab_6.csproj", "{04AC82F5-D29E-45AE-A084-E8BE0618596E}"
EndProject
Global
	GlobalSection(SolutionConfigurationPlatforms) = preSolution
		Debug|Any CPU = Debug|Any CPU
		Release|Any CPU = Release|Any CPU
	EndGlobalSection
	GlobalSection(ProjectConfigurationPlatforms) = postSolution
		{04AC82F5-D29E-45AE-A084-E8BE0618596E}.Debug|Any CPU.ActiveCfg = Debug|Any CPU
		{04AC82F5-D29E-45AE-A084-E8BE0618596E}.Debug|Any CPU.Build.0 = Debug|Any CPU
		{04AC82F5-D29E-45AE-A084-E8BE0618596E}.Release|Any CPU.ActiveCfg = Release|Any CPU
		{04AC82F5-D29E-45AE-A084-E8BE0618596E}.Release|Any CPU.Build.0 = Release|Any CPU
	EndGlobalSection
	GlobalSection(SolutionProperties) = preSolution
		HideSolutionNode = FALSE
	EndGlobalSection
	GlobalSection(ExtensibilityGlobals) = postSolution
		SolutionGuid = {0CA723E7-F451-41B0-823E-5927F5A5B9F9}
	EndGlobalSection
EndGlobal
