
Microsoft Visual Studio Solution File, Format Version 12.00
Project("{FAE04EC0-301F-11D3-BF4B-00C04F79EFBC}") = "WebApplication2", "WebApplication2\WebApplication2.csproj", "{AE29BFE9-3B4E-49BD-9530-1A3164A1E7FB}"
EndProject
Global
	GlobalSection(SolutionConfigurationPlatforms) = preSolution
		Debug|Any CPU = Debug|Any CPU
		Release|Any CPU = Release|Any CPU
	EndGlobalSection
	GlobalSection(ProjectConfigurationPlatforms) = postSolution
		{AE29BFE9-3B4E-49BD-9530-1A3164A1E7FB}.Debug|Any CPU.ActiveCfg = Debug|Any CPU
		{AE29BFE9-3B4E-49BD-9530-1A3164A1E7FB}.Debug|Any CPU.Build.0 = Debug|Any CPU
		{AE29BFE9-3B4E-49BD-9530-1A3164A1E7FB}.Release|Any CPU.ActiveCfg = Release|Any CPU
		{AE29BFE9-3B4E-49BD-9530-1A3164A1E7FB}.Release|Any CPU.Build.0 = Release|Any CPU
	EndGlobalSection
EndGlobal
