
Microsoft Visual Studio Solution File, Format Version 12.00
# Visual Studio Version 17
VisualStudioVersion = 17.9.34714.143
MinimumVisualStudioVersion = 10.0.40219.1
Project("{FAE04EC0-301F-11D3-BF4B-00C04F79EFBC}") = "StateDesignPattern", "StateDesignPattern\StateDesignPattern.csproj", "{2815A49A-5658-42E8-94A4-80CAB771A25F}"
EndProject
Global
	GlobalSection(SolutionConfigurationPlatforms) = preSolution
		Debug|Any CPU = Debug|Any CPU
		Release|Any CPU = Release|Any CPU
	EndGlobalSection
	GlobalSection(ProjectConfigurationPlatforms) = postSolution
		{2815A49A-5658-42E8-94A4-80CAB771A25F}.Debug|Any CPU.ActiveCfg = Debug|Any CPU
		{2815A49A-5658-42E8-94A4-80CAB771A25F}.Debug|Any CPU.Build.0 = Debug|Any CPU
		{2815A49A-5658-42E8-94A4-80CAB771A25F}.Release|Any CPU.ActiveCfg = Release|Any CPU
		{2815A49A-5658-42E8-94A4-80CAB771A25F}.Release|Any CPU.Build.0 = Release|Any CPU
	EndGlobalSection
	GlobalSection(SolutionProperties) = preSolution
		HideSolutionNode = FALSE
	EndGlobalSection
	GlobalSection(ExtensibilityGlobals) = postSolution
		SolutionGuid = {D91FA22F-BB11-48F1-90E6-CEDBAAAD02E4}
	EndGlobalSection
EndGlobal
