
Microsoft Visual Studio Solution File, Format Version 12.00
# Visual Studio Version 17
VisualStudioVersion = 17.4.33110.190
MinimumVisualStudioVersion = 10.0.40219.1
Project("{FAE04EC0-301F-11D3-BF4B-00C04F79EFBC}") = "UserApi", "UserApi\UserApi.csproj", "{BDADC9D0-8F5F-49C6-A972-FA663456CE55}"
EndProject
Global
	GlobalSection(SolutionConfigurationPlatforms) = preSolution
		Debug|Any CPU = Debug|Any CPU
		Release|Any CPU = Release|Any CPU
	EndGlobalSection
	GlobalSection(ProjectConfigurationPlatforms) = postSolution
		{BDADC9D0-8F5F-49C6-A972-FA663456CE55}.Debug|Any CPU.ActiveCfg = Debug|Any CPU
		{BDADC9D0-8F5F-49C6-A972-FA663456CE55}.Debug|Any CPU.Build.0 = Debug|Any CPU
		{BDADC9D0-8F5F-49C6-A972-FA663456CE55}.Release|Any CPU.ActiveCfg = Release|Any CPU
		{BDADC9D0-8F5F-49C6-A972-FA663456CE55}.Release|Any CPU.Build.0 = Release|Any CPU
	EndGlobalSection
	GlobalSection(SolutionProperties) = preSolution
		HideSolutionNode = FALSE
	EndGlobalSection
	GlobalSection(ExtensibilityGlobals) = postSolution
		SolutionGuid = {5FCCCC5F-9B52-4E66-B9A2-40C7F06F3AB4}
	EndGlobalSection
EndGlobal
