
Microsoft Visual Studio Solution File, Format Version 12.00
# Visual Studio Version 17
VisualStudioVersion = 17.9.34714.143
MinimumVisualStudioVersion = 10.0.40219.1
Project("{FAE04EC0-301F-11D3-BF4B-00C04F79EFBC}") = "ArrayList", "ArrayList\ArrayList.csproj", "{5831C1EC-EBD4-4D45-87F4-7BA82497B0AD}"
EndProject
Global
	GlobalSection(SolutionConfigurationPlatforms) = preSolution
		Debug|Any CPU = Debug|Any CPU
		Release|Any CPU = Release|Any CPU
	EndGlobalSection
	GlobalSection(ProjectConfigurationPlatforms) = postSolution
		{5831C1EC-EBD4-4D45-87F4-7BA82497B0AD}.Debug|Any CPU.ActiveCfg = Debug|Any CPU
		{5831C1EC-EBD4-4D45-87F4-7BA82497B0AD}.Debug|Any CPU.Build.0 = Debug|Any CPU
		{5831C1EC-EBD4-4D45-87F4-7BA82497B0AD}.Release|Any CPU.ActiveCfg = Release|Any CPU
		{5831C1EC-EBD4-4D45-87F4-7BA82497B0AD}.Release|Any CPU.Build.0 = Release|Any CPU
	EndGlobalSection
	GlobalSection(SolutionProperties) = preSolution
		HideSolutionNode = FALSE
	EndGlobalSection
	GlobalSection(ExtensibilityGlobals) = postSolution
		SolutionGuid = {CFC3A6B1-D57F-4CC1-B791-D921B575FBCD}
	EndGlobalSection
EndGlobal
